
Microsoft Visual Studio Solution File, Format Version 12.00
# Visual Studio 15
VisualStudioVersion = 15.0.26228.4
MinimumVisualStudioVersion = 10.0.40219.1
Project("{D954291E-2A0B-460D-934E-DC6B0785DB48}") = "Form.UI", "Form.UI\Form.UI\Form.UI.shproj", "{4FF624EA-70A9-42B0-BD9B-8D942AADB570}"
EndProject
Project("{FAE04EC0-301F-11D3-BF4B-00C04F79EFBC}") = "Form.UI.Android", "Form.UI\Form.UI.Android\Form.UI.Android.csproj", "{BF6D3CDA-B84E-4DDB-A51C-4E09A72898B3}"
EndProject
Project("{FAE04EC0-301F-11D3-BF4B-00C04F79EFBC}") = "Form.UI.iOS", "Form.UI\Form.UI.iOS\Form.UI.iOS.csproj", "{814D2B85-4246-43F2-9D9A-64308CD4754A}"
EndProject
Project("{FAE04EC0-301F-11D3-BF4B-00C04F79EFBC}") = "Form.UI.UWP", "Form.UI\Form.UI.UWP\Form.UI.UWP.csproj", "{0963899C-9016-48A9-88BE-7EB500DC7790}"
EndProject
Global
	GlobalSection(SharedMSBuildProjectFiles) = preSolution
		Form.UI\Form.UI\Form.UI.projitems*{4ff624ea-70a9-42b0-bd9b-8d942aadb570}*SharedItemsImports = 13
		Form.UI\Form.UI\Form.UI.projitems*{814d2b85-4246-43f2-9d9a-64308cd4754a}*SharedItemsImports = 4
		Form.UI\Form.UI\Form.UI.projitems*{bf6d3cda-b84e-4ddb-a51c-4e09a72898b3}*SharedItemsImports = 4
	EndGlobalSection
	GlobalSection(SolutionConfigurationPlatforms) = preSolution
		Ad-Hoc|Any CPU = Ad-Hoc|Any CPU
		Ad-Hoc|ARM = Ad-Hoc|ARM
		Ad-Hoc|iPhone = Ad-Hoc|iPhone
		Ad-Hoc|iPhoneSimulator = Ad-Hoc|iPhoneSimulator
		Ad-Hoc|x64 = Ad-Hoc|x64
		Ad-Hoc|x86 = Ad-Hoc|x86
		AppStore|Any CPU = AppStore|Any CPU
		AppStore|ARM = AppStore|ARM
		AppStore|iPhone = AppStore|iPhone
		AppStore|iPhoneSimulator = AppStore|iPhoneSimulator
		AppStore|x64 = AppStore|x64
		AppStore|x86 = AppStore|x86
		Debug|Any CPU = Debug|Any CPU
		Debug|ARM = Debug|ARM
		Debug|iPhone = Debug|iPhone
		Debug|iPhoneSimulator = Debug|iPhoneSimulator
		Debug|x64 = Debug|x64
		Debug|x86 = Debug|x86
		Release|Any CPU = Release|Any CPU
		Release|ARM = Release|ARM
		Release|iPhone = Release|iPhone
		Release|iPhoneSimulator = Release|iPhoneSimulator
		Release|x64 = Release|x64
		Release|x86 = Release|x86
	EndGlobalSection
	GlobalSection(ProjectConfigurationPlatforms) = postSolution
		{BF6D3CDA-B84E-4DDB-A51C-4E09A72898B3}.Ad-Hoc|Any CPU.ActiveCfg = Release|Any CPU
		{BF6D3CDA-B84E-4DDB-A51C-4E09A72898B3}.Ad-Hoc|Any CPU.Build.0 = Release|Any CPU
		{BF6D3CDA-B84E-4DDB-A51C-4E09A72898B3}.Ad-Hoc|Any CPU.Deploy.0 = Release|Any CPU
		{BF6D3CDA-B84E-4DDB-A51C-4E09A72898B3}.Ad-Hoc|ARM.ActiveCfg = Release|Any CPU
		{BF6D3CDA-B84E-4DDB-A51C-4E09A72898B3}.Ad-Hoc|ARM.Build.0 = Release|Any CPU
		{BF6D3CDA-B84E-4DDB-A51C-4E09A72898B3}.Ad-Hoc|ARM.Deploy.0 = Release|Any CPU
		{BF6D3CDA-B84E-4DDB-A51C-4E09A72898B3}.Ad-Hoc|iPhone.ActiveCfg = Release|Any CPU
		{BF6D3CDA-B84E-4DDB-A51C-4E09A72898B3}.Ad-Hoc|iPhone.Build.0 = Release|Any CPU
		{BF6D3CDA-B84E-4DDB-A51C-4E09A72898B3}.Ad-Hoc|iPhone.Deploy.0 = Release|Any CPU
		{BF6D3CDA-B84E-4DDB-A51C-4E09A72898B3}.Ad-Hoc|iPhoneSimulator.ActiveCfg = Release|Any CPU
		{BF6D3CDA-B84E-4DDB-A51C-4E09A72898B3}.Ad-Hoc|iPhoneSimulator.Build.0 = Release|Any CPU
		{BF6D3CDA-B84E-4DDB-A51C-4E09A72898B3}.Ad-Hoc|iPhoneSimulator.Deploy.0 = Release|Any CPU
		{BF6D3CDA-B84E-4DDB-A51C-4E09A72898B3}.Ad-Hoc|x64.ActiveCfg = Release|Any CPU
		{BF6D3CDA-B84E-4DDB-A51C-4E09A72898B3}.Ad-Hoc|x64.Build.0 = Release|Any CPU
		{BF6D3CDA-B84E-4DDB-A51C-4E09A72898B3}.Ad-Hoc|x64.Deploy.0 = Release|Any CPU
		{BF6D3CDA-B84E-4DDB-A51C-4E09A72898B3}.Ad-Hoc|x86.ActiveCfg = Release|Any CPU
		{BF6D3CDA-B84E-4DDB-A51C-4E09A72898B3}.Ad-Hoc|x86.Build.0 = Release|Any CPU
		{BF6D3CDA-B84E-4DDB-A51C-4E09A72898B3}.Ad-Hoc|x86.Deploy.0 = Release|Any CPU
		{BF6D3CDA-B84E-4DDB-A51C-4E09A72898B3}.AppStore|Any CPU.ActiveCfg = Release|Any CPU
		{BF6D3CDA-B84E-4DDB-A51C-4E09A72898B3}.AppStore|Any CPU.Build.0 = Release|Any CPU
		{BF6D3CDA-B84E-4DDB-A51C-4E09A72898B3}.AppStore|Any CPU.Deploy.0 = Release|Any CPU
		{BF6D3CDA-B84E-4DDB-A51C-4E09A72898B3}.AppStore|ARM.ActiveCfg = Release|Any CPU
		{BF6D3CDA-B84E-4DDB-A51C-4E09A72898B3}.AppStore|ARM.Build.0 = Release|Any CPU
		{BF6D3CDA-B84E-4DDB-A51C-4E09A72898B3}.AppStore|ARM.Deploy.0 = Release|Any CPU
		{BF6D3CDA-B84E-4DDB-A51C-4E09A72898B3}.AppStore|iPhone.ActiveCfg = Release|Any CPU
		{BF6D3CDA-B84E-4DDB-A51C-4E09A72898B3}.AppStore|iPhone.Build.0 = Release|Any CPU
		{BF6D3CDA-B84E-4DDB-A51C-4E09A72898B3}.AppStore|iPhone.Deploy.0 = Release|Any CPU
		{BF6D3CDA-B84E-4DDB-A51C-4E09A72898B3}.AppStore|iPhoneSimulator.ActiveCfg = Release|Any CPU
		{BF6D3CDA-B84E-4DDB-A51C-4E09A72898B3}.AppStore|iPhoneSimulator.Build.0 = Release|Any CPU
		{BF6D3CDA-B84E-4DDB-A51C-4E09A72898B3}.AppStore|iPhoneSimulator.Deploy.0 = Release|Any CPU
		{BF6D3CDA-B84E-4DDB-A51C-4E09A72898B3}.AppStore|x64.ActiveCfg = Release|Any CPU
		{BF6D3CDA-B84E-4DDB-A51C-4E09A72898B3}.AppStore|x64.Build.0 = Release|Any CPU
		{BF6D3CDA-B84E-4DDB-A51C-4E09A72898B3}.AppStore|x64.Deploy.0 = Release|Any CPU
		{BF6D3CDA-B84E-4DDB-A51C-4E09A72898B3}.AppStore|x86.ActiveCfg = Release|Any CPU
		{BF6D3CDA-B84E-4DDB-A51C-4E09A72898B3}.AppStore|x86.Build.0 = Release|Any CPU
		{BF6D3CDA-B84E-4DDB-A51C-4E09A72898B3}.AppStore|x86.Deploy.0 = Release|Any CPU
		{BF6D3CDA-B84E-4DDB-A51C-4E09A72898B3}.Debug|Any CPU.ActiveCfg = Debug|Any CPU
		{BF6D3CDA-B84E-4DDB-A51C-4E09A72898B3}.Debug|Any CPU.Build.0 = Debug|Any CPU
		{BF6D3CDA-B84E-4DDB-A51C-4E09A72898B3}.Debug|Any CPU.Deploy.0 = Debug|Any CPU
		{BF6D3CDA-B84E-4DDB-A51C-4E09A72898B3}.Debug|ARM.ActiveCfg = Debug|Any CPU
		{BF6D3CDA-B84E-4DDB-A51C-4E09A72898B3}.Debug|ARM.Build.0 = Debug|Any CPU
		{BF6D3CDA-B84E-4DDB-A51C-4E09A72898B3}.Debug|ARM.Deploy.0 = Debug|Any CPU
		{BF6D3CDA-B84E-4DDB-A51C-4E09A72898B3}.Debug|iPhone.ActiveCfg = Debug|Any CPU
		{BF6D3CDA-B84E-4DDB-A51C-4E09A72898B3}.Debug|iPhone.Build.0 = Debug|Any CPU
		{BF6D3CDA-B84E-4DDB-A51C-4E09A72898B3}.Debug|iPhone.Deploy.0 = Debug|Any CPU
		{BF6D3CDA-B84E-4DDB-A51C-4E09A72898B3}.Debug|iPhoneSimulator.ActiveCfg = Debug|Any CPU
		{BF6D3CDA-B84E-4DDB-A51C-4E09A72898B3}.Debug|iPhoneSimulator.Build.0 = Debug|Any CPU
		{BF6D3CDA-B84E-4DDB-A51C-4E09A72898B3}.Debug|iPhoneSimulator.Deploy.0 = Debug|Any CPU
		{BF6D3CDA-B84E-4DDB-A51C-4E09A72898B3}.Debug|x64.ActiveCfg = Debug|Any CPU
		{BF6D3CDA-B84E-4DDB-A51C-4E09A72898B3}.Debug|x64.Build.0 = Debug|Any CPU
		{BF6D3CDA-B84E-4DDB-A51C-4E09A72898B3}.Debug|x64.Deploy.0 = Debug|Any CPU
		{BF6D3CDA-B84E-4DDB-A51C-4E09A72898B3}.Debug|x86.ActiveCfg = Debug|Any CPU
		{BF6D3CDA-B84E-4DDB-A51C-4E09A72898B3}.Debug|x86.Build.0 = Debug|Any CPU
		{BF6D3CDA-B84E-4DDB-A51C-4E09A72898B3}.Debug|x86.Deploy.0 = Debug|Any CPU
		{BF6D3CDA-B84E-4DDB-A51C-4E09A72898B3}.Release|Any CPU.ActiveCfg = Release|Any CPU
		{BF6D3CDA-B84E-4DDB-A51C-4E09A72898B3}.Release|Any CPU.Build.0 = Release|Any CPU
		{BF6D3CDA-B84E-4DDB-A51C-4E09A72898B3}.Release|Any CPU.Deploy.0 = Release|Any CPU
		{BF6D3CDA-B84E-4DDB-A51C-4E09A72898B3}.Release|ARM.ActiveCfg = Release|Any CPU
		{BF6D3CDA-B84E-4DDB-A51C-4E09A72898B3}.Release|ARM.Build.0 = Release|Any CPU
		{BF6D3CDA-B84E-4DDB-A51C-4E09A72898B3}.Release|ARM.Deploy.0 = Release|Any CPU
		{BF6D3CDA-B84E-4DDB-A51C-4E09A72898B3}.Release|iPhone.ActiveCfg = Release|Any CPU
		{BF6D3CDA-B84E-4DDB-A51C-4E09A72898B3}.Release|iPhone.Build.0 = Release|Any CPU
		{BF6D3CDA-B84E-4DDB-A51C-4E09A72898B3}.Release|iPhone.Deploy.0 = Release|Any CPU
		{BF6D3CDA-B84E-4DDB-A51C-4E09A72898B3}.Release|iPhoneSimulator.ActiveCfg = Release|Any CPU
		{BF6D3CDA-B84E-4DDB-A51C-4E09A72898B3}.Release|iPhoneSimulator.Build.0 = Release|Any CPU
		{BF6D3CDA-B84E-4DDB-A51C-4E09A72898B3}.Release|iPhoneSimulator.Deploy.0 = Release|Any CPU
		{BF6D3CDA-B84E-4DDB-A51C-4E09A72898B3}.Release|x64.ActiveCfg = Release|Any CPU
		{BF6D3CDA-B84E-4DDB-A51C-4E09A72898B3}.Release|x64.Build.0 = Release|Any CPU
		{BF6D3CDA-B84E-4DDB-A51C-4E09A72898B3}.Release|x64.Deploy.0 = Release|Any CPU
		{BF6D3CDA-B84E-4DDB-A51C-4E09A72898B3}.Release|x86.ActiveCfg = Release|Any CPU
		{BF6D3CDA-B84E-4DDB-A51C-4E09A72898B3}.Release|x86.Build.0 = Release|Any CPU
		{BF6D3CDA-B84E-4DDB-A51C-4E09A72898B3}.Release|x86.Deploy.0 = Release|Any CPU
		{814D2B85-4246-43F2-9D9A-64308CD4754A}.Ad-Hoc|Any CPU.ActiveCfg = Ad-Hoc|iPhone
		{814D2B85-4246-43F2-9D9A-64308CD4754A}.Ad-Hoc|ARM.ActiveCfg = Ad-Hoc|iPhone
		{814D2B85-4246-43F2-9D9A-64308CD4754A}.Ad-Hoc|iPhone.ActiveCfg = Ad-Hoc|iPhone
		{814D2B85-4246-43F2-9D9A-64308CD4754A}.Ad-Hoc|iPhone.Build.0 = Ad-Hoc|iPhone
		{814D2B85-4246-43F2-9D9A-64308CD4754A}.Ad-Hoc|iPhoneSimulator.ActiveCfg = Ad-Hoc|iPhoneSimulator
		{814D2B85-4246-43F2-9D9A-64308CD4754A}.Ad-Hoc|iPhoneSimulator.Build.0 = Ad-Hoc|iPhoneSimulator
		{814D2B85-4246-43F2-9D9A-64308CD4754A}.Ad-Hoc|x64.ActiveCfg = Ad-Hoc|iPhone
		{814D2B85-4246-43F2-9D9A-64308CD4754A}.Ad-Hoc|x86.ActiveCfg = Ad-Hoc|iPhone
		{814D2B85-4246-43F2-9D9A-64308CD4754A}.AppStore|Any CPU.ActiveCfg = AppStore|iPhone
		{814D2B85-4246-43F2-9D9A-64308CD4754A}.AppStore|ARM.ActiveCfg = AppStore|iPhone
		{814D2B85-4246-43F2-9D9A-64308CD4754A}.AppStore|iPhone.ActiveCfg = AppStore|iPhone
		{814D2B85-4246-43F2-9D9A-64308CD4754A}.AppStore|iPhone.Build.0 = AppStore|iPhone
		{814D2B85-4246-43F2-9D9A-64308CD4754A}.AppStore|iPhoneSimulator.ActiveCfg = AppStore|iPhoneSimulator
		{814D2B85-4246-43F2-9D9A-64308CD4754A}.AppStore|iPhoneSimulator.Build.0 = AppStore|iPhoneSimulator
		{814D2B85-4246-43F2-9D9A-64308CD4754A}.AppStore|x64.ActiveCfg = AppStore|iPhone
		{814D2B85-4246-43F2-9D9A-64308CD4754A}.AppStore|x86.ActiveCfg = AppStore|iPhone
		{814D2B85-4246-43F2-9D9A-64308CD4754A}.Debug|Any CPU.ActiveCfg = Debug|iPhone
		{814D2B85-4246-43F2-9D9A-64308CD4754A}.Debug|ARM.ActiveCfg = Debug|iPhone
		{814D2B85-4246-43F2-9D9A-64308CD4754A}.Debug|iPhone.ActiveCfg = Debug|iPhone
		{814D2B85-4246-43F2-9D9A-64308CD4754A}.Debug|iPhone.Build.0 = Debug|iPhone
		{814D2B85-4246-43F2-9D9A-64308CD4754A}.Debug|iPhoneSimulator.ActiveCfg = Debug|iPhoneSimulator
		{814D2B85-4246-43F2-9D9A-64308CD4754A}.Debug|iPhoneSimulator.Build.0 = Debug|iPhoneSimulator
		{814D2B85-4246-43F2-9D9A-64308CD4754A}.Debug|x64.ActiveCfg = Debug|iPhone
		{814D2B85-4246-43F2-9D9A-64308CD4754A}.Debug|x86.ActiveCfg = Debug|iPhone
		{814D2B85-4246-43F2-9D9A-64308CD4754A}.Release|Any CPU.ActiveCfg = Release|iPhone
		{814D2B85-4246-43F2-9D9A-64308CD4754A}.Release|ARM.ActiveCfg = Release|iPhone
		{814D2B85-4246-43F2-9D9A-64308CD4754A}.Release|iPhone.ActiveCfg = Release|iPhone
		{814D2B85-4246-43F2-9D9A-64308CD4754A}.Release|iPhone.Build.0 = Release|iPhone
		{814D2B85-4246-43F2-9D9A-64308CD4754A}.Release|iPhoneSimulator.ActiveCfg = Release|iPhoneSimulator
		{814D2B85-4246-43F2-9D9A-64308CD4754A}.Release|iPhoneSimulator.Build.0 = Release|iPhoneSimulator
		{814D2B85-4246-43F2-9D9A-64308CD4754A}.Release|x64.ActiveCfg = Release|iPhone
		{814D2B85-4246-43F2-9D9A-64308CD4754A}.Release|x86.ActiveCfg = Release|iPhone
		{0963899C-9016-48A9-88BE-7EB500DC7790}.Ad-Hoc|Any CPU.ActiveCfg = Release|x86
		{0963899C-9016-48A9-88BE-7EB500DC7790}.Ad-Hoc|Any CPU.Build.0 = Release|x86
		{0963899C-9016-48A9-88BE-7EB500DC7790}.Ad-Hoc|Any CPU.Deploy.0 = Release|x86
		{0963899C-9016-48A9-88BE-7EB500DC7790}.Ad-Hoc|ARM.ActiveCfg = Release|ARM
		{0963899C-9016-48A9-88BE-7EB500DC7790}.Ad-Hoc|ARM.Build.0 = Release|ARM
		{0963899C-9016-48A9-88BE-7EB500DC7790}.Ad-Hoc|ARM.Deploy.0 = Release|ARM
		{0963899C-9016-48A9-88BE-7EB500DC7790}.Ad-Hoc|iPhone.ActiveCfg = Release|x86
		{0963899C-9016-48A9-88BE-7EB500DC7790}.Ad-Hoc|iPhone.Build.0 = Release|x86
		{0963899C-9016-48A9-88BE-7EB500DC7790}.Ad-Hoc|iPhone.Deploy.0 = Release|x86
		{0963899C-9016-48A9-88BE-7EB500DC7790}.Ad-Hoc|iPhoneSimulator.ActiveCfg = Release|x86
		{0963899C-9016-48A9-88BE-7EB500DC7790}.Ad-Hoc|iPhoneSimulator.Build.0 = Release|x86
		{0963899C-9016-48A9-88BE-7EB500DC7790}.Ad-Hoc|iPhoneSimulator.Deploy.0 = Release|x86
		{0963899C-9016-48A9-88BE-7EB500DC7790}.Ad-Hoc|x64.ActiveCfg = Release|x64
		{0963899C-9016-48A9-88BE-7EB500DC7790}.Ad-Hoc|x64.Build.0 = Release|x64
		{0963899C-9016-48A9-88BE-7EB500DC7790}.Ad-Hoc|x64.Deploy.0 = Release|x64
		{0963899C-9016-48A9-88BE-7EB500DC7790}.Ad-Hoc|x86.ActiveCfg = Release|x86
		{0963899C-9016-48A9-88BE-7EB500DC7790}.Ad-Hoc|x86.Build.0 = Release|x86
		{0963899C-9016-48A9-88BE-7EB500DC7790}.Ad-Hoc|x86.Deploy.0 = Release|x86
		{0963899C-9016-48A9-88BE-7EB500DC7790}.AppStore|Any CPU.ActiveCfg = Release|x86
		{0963899C-9016-48A9-88BE-7EB500DC7790}.AppStore|Any CPU.Build.0 = Release|x86
		{0963899C-9016-48A9-88BE-7EB500DC7790}.AppStore|Any CPU.Deploy.0 = Release|x86
		{0963899C-9016-48A9-88BE-7EB500DC7790}.AppStore|ARM.ActiveCfg = Release|ARM
		{0963899C-9016-48A9-88BE-7EB500DC7790}.AppStore|ARM.Build.0 = Release|ARM
		{0963899C-9016-48A9-88BE-7EB500DC7790}.AppStore|ARM.Deploy.0 = Release|ARM
		{0963899C-9016-48A9-88BE-7EB500DC7790}.AppStore|iPhone.ActiveCfg = Release|x86
		{0963899C-9016-48A9-88BE-7EB500DC7790}.AppStore|iPhone.Build.0 = Release|x86
		{0963899C-9016-48A9-88BE-7EB500DC7790}.AppStore|iPhone.Deploy.0 = Release|x86
		{0963899C-9016-48A9-88BE-7EB500DC7790}.AppStore|iPhoneSimulator.ActiveCfg = Release|x86
		{0963899C-9016-48A9-88BE-7EB500DC7790}.AppStore|iPhoneSimulator.Build.0 = Release|x86
		{0963899C-9016-48A9-88BE-7EB500DC7790}.AppStore|iPhoneSimulator.Deploy.0 = Release|x86
		{0963899C-9016-48A9-88BE-7EB500DC7790}.AppStore|x64.ActiveCfg = Release|x64
		{0963899C-9016-48A9-88BE-7EB500DC7790}.AppStore|x64.Build.0 = Release|x64
		{0963899C-9016-48A9-88BE-7EB500DC7790}.AppStore|x64.Deploy.0 = Release|x64
		{0963899C-9016-48A9-88BE-7EB500DC7790}.AppStore|x86.ActiveCfg = Release|x86
		{0963899C-9016-48A9-88BE-7EB500DC7790}.AppStore|x86.Build.0 = Release|x86
		{0963899C-9016-48A9-88BE-7EB500DC7790}.AppStore|x86.Deploy.0 = Release|x86
		{0963899C-9016-48A9-88BE-7EB500DC7790}.Debug|Any CPU.ActiveCfg = Debug|x86
		{0963899C-9016-48A9-88BE-7EB500DC7790}.Debug|ARM.ActiveCfg = Debug|ARM
		{0963899C-9016-48A9-88BE-7EB500DC7790}.Debug|ARM.Build.0 = Debug|ARM
		{0963899C-9016-48A9-88BE-7EB500DC7790}.Debug|ARM.Deploy.0 = Debug|ARM
		{0963899C-9016-48A9-88BE-7EB500DC7790}.Debug|iPhone.ActiveCfg = Debug|x86
		{0963899C-9016-48A9-88BE-7EB500DC7790}.Debug|iPhoneSimulator.ActiveCfg = Debug|x86
		{0963899C-9016-48A9-88BE-7EB500DC7790}.Debug|x64.ActiveCfg = Debug|x64
		{0963899C-9016-48A9-88BE-7EB500DC7790}.Debug|x64.Build.0 = Debug|x64
		{0963899C-9016-48A9-88BE-7EB500DC7790}.Debug|x64.Deploy.0 = Debug|x64
		{0963899C-9016-48A9-88BE-7EB500DC7790}.Debug|x86.ActiveCfg = Debug|x86
		{0963899C-9016-48A9-88BE-7EB500DC7790}.Debug|x86.Build.0 = Debug|x86
		{0963899C-9016-48A9-88BE-7EB500DC7790}.Debug|x86.Deploy.0 = Debug|x86
		{0963899C-9016-48A9-88BE-7EB500DC7790}.Release|Any CPU.ActiveCfg = Release|x86
		{0963899C-9016-48A9-88BE-7EB500DC7790}.Release|ARM.ActiveCfg = Release|ARM
		{0963899C-9016-48A9-88BE-7EB500DC7790}.Release|ARM.Build.0 = Release|ARM
		{0963899C-9016-48A9-88BE-7EB500DC7790}.Release|ARM.Deploy.0 = Release|ARM
		{0963899C-9016-48A9-88BE-7EB500DC7790}.Release|iPhone.ActiveCfg = Release|x86
		{0963899C-9016-48A9-88BE-7EB500DC7790}.Release|iPhoneSimulator.ActiveCfg = Release|x86
		{0963899C-9016-48A9-88BE-7EB500DC7790}.Release|x64.ActiveCfg = Release|x64
		{0963899C-9016-48A9-88BE-7EB500DC7790}.Release|x64.Build.0 = Release|x64
		{0963899C-9016-48A9-88BE-7EB500DC7790}.Release|x64.Deploy.0 = Release|x64
		{0963899C-9016-48A9-88BE-7EB500DC7790}.Release|x86.ActiveCfg = Release|x86
		{0963899C-9016-48A9-88BE-7EB500DC7790}.Release|x86.Build.0 = Release|x86
		{0963899C-9016-48A9-88BE-7EB500DC7790}.Release|x86.Deploy.0 = Release|x86
	EndGlobalSection
	GlobalSection(SolutionProperties) = preSolution
		HideSolutionNode = FALSE
	EndGlobalSection
EndGlobal
